<?xml version="1.0" encoding="utf-8"?>
<Project ToolsVersion="4.0" xmlns="http://schemas.microsoft.com/developer/msbuild/2003">
  <ItemGroup>
    <Filter Include="Source Files">
      <UniqueIdentifier>{4FC737F1-C7A5-4376-A066-2A32D752A2FF}</UniqueIdentifier>
      <Extensions>cpp;c;cc;cxx;c++;cppm;ixx;def;odl;idl;hpj;bat;asm;asmx</Extensions>
    </Filter>
    <Filter Include="Header Files">
      <UniqueIdentifier>{93995380-89BD-4b04-88EB-625FBE52EBFB}</UniqueIdentifier>
      <Extensions>h;hh;hpp;hxx;h++;hm;inl;inc;ipp;xsd</Extensions>
    </Filter>
    <Filter Include="Resource Files">
      <UniqueIdentifier>{67DA6AB6-F800-4c08-8B7A-83BB121AAD01}</UniqueIdentifier>
      <Extensions>rc;ico;cur;bmp;dlg;rc2;rct;bin;rgs;gif;jpg;jpeg;jpe;resx;tiff;tif;png;wav;mfcribbon-ms</Extensions>
    </Filter>
    <Filter Include="Source Files\Command">
      <UniqueIdentifier>{b70c5890-22b3-4e35-a25e-66263b0d42e7}</UniqueIdentifier>
    </Filter>
    <Filter Include="Source Files\Process">
      <UniqueIdentifier>{6195f7f9-97f1-4953-9e39-923284ef7f96}</UniqueIdentifier>
    </Filter>
    <Filter Include="Source Files\CPU">
      <UniqueIdentifier>{fd14cf7d-48c5-46fa-a9ec-2334fabd09d4}</UniqueIdentifier>
    </Filter>
    <Filter Include="Source Files\Scheduler">
      <UniqueIdentifier>{d439591c-6d61-435f-8747-082623053083}</UniqueIdentifier>
    </Filter>
  </ItemGroup>
  <ItemGroup>
    <ClCompile Include="main.cpp">
      <Filter>Source Files</Filter>
    </ClCompile>
    <ClCompile Include="PrintCommand.cpp">
      <Filter>Source Files\Command</Filter>
    </ClCompile>
    <ClCompile Include="Process.cpp">
      <Filter>Source Files\Process</Filter>
    </ClCompile>
    <ClCompile Include="CPU.cpp">
      <Filter>Source Files\CPU</Filter>
    </ClCompile>
    <ClCompile Include="Scheduler.cpp">
      <Filter>Source Files\Scheduler</Filter>
    </ClCompile>
  </ItemGroup>
  <ItemGroup>
    <ClInclude Include="ICommand.h">
      <Filter>Source Files\Command</Filter>
    </ClInclude>
    <ClInclude Include="PrintCommand.h">
      <Filter>Source Files\Command</Filter>
    </ClInclude>
    <ClInclude Include="Process.h">
      <Filter>Source Files\Process</Filter>
    </ClInclude>
    <ClInclude Include="CPU.h">
      <Filter>Source Files\CPU</Filter>
    </ClInclude>
    <ClInclude Include="Scheduler.h">
      <Filter>Source Files\Scheduler</Filter>
    </ClInclude>
  </ItemGroup>
</Project>